{
  "name": "@capacitor-offline/offline-bundle",
  "version": "0.0.1",
  "lockfileVersion": 2,
  "requires": true,
  "packages": {
    "": {
      "name": "@capacitor-offline/offline-bundle",
      "version": "0.0.1",
      "license": "MIT",
      "bin": {
        "offline-bundle-manifest": "cli/generate-manifest.mjs",
        "offline-bundle-package": "cli/package-bundle.mjs"
      },
      "devDependencies": {
        "typescript": "^5.6.3"
      },
      "peerDependencies": {
        "@capacitor/app": ">=8.0.0",
        "@capacitor/core": ">=8.0.0",
        "@capacitor/file-transfer": ">=2.0.0"
      }
    },
    "node_modules/@capacitor/app": {
      "version": "8.1.0",
      "resolved": "https://registry.npmjs.org/@capacitor/app/-/app-8.1.0.tgz",
      "integrity": "sha512-MlmttTOWHDedr/G4SrhNRxsXMqY+R75S4MM4eIgzsgCzOYhb/MpCkA5Q3nuOCfL1oHm26xjUzqZ5aupbOwdfYg==",
      "peer": true,
      "peerDependencies": {
        "@capacitor/core": ">=8.0.0"
      }
    },
    "node_modules/@capacitor/core": {
      "version": "8.3.1",
      "resolved": "https://registry.npmjs.org/@capacitor/core/-/core-8.3.1.tgz",
      "integrity": "sha512-UF8ItlHguU1Z6GXfPTeT2gakf+ctNI8pAS1kwSBQlsJMlfD4OPoto/SmKnOxKCQvnF4WRcdWeg6C0zREUNaAQg==",
      "peer": true,
      "dependencies": {
        "tslib": "^2.1.0"
      }
    },
    "node_modules/@capacitor/file-transfer": {
      "version": "2.0.4",
      "resolved": "https://registry.npmjs.org/@capacitor/file-transfer/-/file-transfer-2.0.4.tgz",
      "integrity": "sha512-tWHcLmUu1SMfQY1KUHLXK63c6rsyrPHAgbWh4eIqyg4B8cyyzVJQC+/T6tLehv262iO7lw0S7ebb/DU9GlNL4A==",
      "peer": true,
      "dependencies": {
        "@capacitor/synapse": "^1.0.4"
      },
      "peerDependencies": {
        "@capacitor/core": ">=8.0.0"
      }
    },
    "node_modules/@capacitor/synapse": {
      "version": "1.0.4",
      "resolved": "https://registry.npmjs.org/@capacitor/synapse/-/synapse-1.0.4.tgz",
      "integrity": "sha512-/C1FUo8/OkKuAT4nCIu/34ny9siNHr9qtFezu4kxm6GY1wNFxrCFWjfYx5C1tUhVGz3fxBABegupkpjXvjCHrw==",
      "peer": true
    },
    "node_modules/tslib": {
      "version": "2.8.1",
      "resolved": "https://registry.npmjs.org/tslib/-/tslib-2.8.1.tgz",
      "integrity": "sha512-oJFu94HQb+KVduSUQL7wnpmqnfmLsOA/nAh6b6EH0wCEoK0/mPeXU6c3wKDV83MkOuHPRHtSXKKU99IBazS/2w==",
      "peer": true
    },
    "node_modules/typescript": {
      "version": "5.9.3",
      "resolved": "https://registry.npmjs.org/typescript/-/typescript-5.9.3.tgz",
      "integrity": "sha512-jl1vZzPDinLr9eUt3J/t7V6FgNEw9QjvBPdysz9KfQDD41fQrC2Y4vKQdiaUpFT4bXlb1RHhLpp8wtm6M5TgSw==",
      "dev": true,
      "bin": {
        "tsc": "bin/tsc",
        "tsserver": "bin/tsserver"
      },
      "engines": {
        "node": ">=14.17"
      }
    }
  },
  "dependencies": {
    "@capacitor/app": {
      "version": "8.1.0",
      "resolved": "https://registry.npmjs.org/@capacitor/app/-/app-8.1.0.tgz",
      "integrity": "sha512-MlmttTOWHDedr/G4SrhNRxsXMqY+R75S4MM4eIgzsgCzOYhb/MpCkA5Q3nuOCfL1oHm26xjUzqZ5aupbOwdfYg==",
      "peer": true,
      "requires": {}
    },
    "@capacitor/core": {
      "version": "8.3.1",
      "resolved": "https://registry.npmjs.org/@capacitor/core/-/core-8.3.1.tgz",
      "integrity": "sha512-UF8ItlHguU1Z6GXfPTeT2gakf+ctNI8pAS1kwSBQlsJMlfD4OPoto/SmKnOxKCQvnF4WRcdWeg6C0zREUNaAQg==",
      "peer": true,
      "requires": {
        "tslib": "^2.1.0"
      }
    },
    "@capacitor/file-transfer": {
      "version": "2.0.4",
      "resolved": "https://registry.npmjs.org/@capacitor/file-transfer/-/file-transfer-2.0.4.tgz",
      "integrity": "sha512-tWHcLmUu1SMfQY1KUHLXK63c6rsyrPHAgbWh4eIqyg4B8cyyzVJQC+/T6tLehv262iO7lw0S7ebb/DU9GlNL4A==",
      "peer": true,
      "requires": {
        "@capacitor/synapse": "^1.0.4"
      }
    },
    "@capacitor/synapse": {
      "version": "1.0.4",
      "resolved": "https://registry.npmjs.org/@capacitor/synapse/-/synapse-1.0.4.tgz",
      "integrity": "sha512-/C1FUo8/OkKuAT4nCIu/34ny9siNHr9qtFezu4kxm6GY1wNFxrCFWjfYx5C1tUhVGz3fxBABegupkpjXvjCHrw==",
      "peer": true
    },
    "tslib": {
      "version": "2.8.1",
      "resolved": "https://registry.npmjs.org/tslib/-/tslib-2.8.1.tgz",
      "integrity": "sha512-oJFu94HQb+KVduSUQL7wnpmqnfmLsOA/nAh6b6EH0wCEoK0/mPeXU6c3wKDV83MkOuHPRHtSXKKU99IBazS/2w==",
      "peer": true
    },
    "typescript": {
      "version": "5.9.3",
      "resolved": "https://registry.npmjs.org/typescript/-/typescript-5.9.3.tgz",
      "integrity": "sha512-jl1vZzPDinLr9eUt3J/t7V6FgNEw9QjvBPdysz9KfQDD41fQrC2Y4vKQdiaUpFT4bXlb1RHhLpp8wtm6M5TgSw==",
      "dev": true
    }
  }
}
